// !$*UTF8*$!
{
	archiveVersion = 1;
	classes = {
	};
	objectVersion = 46;
	objects = {

/* Begin PBXBuildFile section */
		8D01D59D16B2B7A50090D4ED /* Default@2x.png in Resources */ = {isa = PBXBuildFile; fileRef = D08E69A81509525D00209FE0 /* Default@2x.png */; };
		8D3CD63716B016F400549577 /* MobiltBankIdService.m in Sources */ = {isa = PBXBuildFile; fileRef = 8D3CD63616B016F400549577 /* MobiltBankIdService.m */; };
		8D3CD63B16B0170900549577 /* HTTPAuthenticate.m in Sources */ = {isa = PBXBuildFile; fileRef = 8D3CD63A16B0170900549577 /* HTTPAuthenticate.m */; };
		8D3CD64116B149A700549577 /* HTTPComplete.m in Sources */ = {isa = PBXBuildFile; fileRef = 8D3CD64016B149A700549577 /* HTTPComplete.m */; };
		D0599165150B691D00EB3F6D /* 57px.png in Resources */ = {isa = PBXBuildFile; fileRef = D0599164150B691D00EB3F6D /* 57px.png */; };
		D0599168150B69BD00EB3F6D /* 114px.png in Resources */ = {isa = PBXBuildFile; fileRef = D0599167150B69BD00EB3F6D /* 114px.png */; };
		D05D409514FA4B3D00335899 /* UIKit.framework in Frameworks */ = {isa = PBXBuildFile; fileRef = D05D409414FA4B3D00335899 /* UIKit.framework */; };
		D05D409714FA4B3D00335899 /* Foundation.framework in Frameworks */ = {isa = PBXBuildFile; fileRef = D05D409614FA4B3D00335899 /* Foundation.framework */; };
		D05D409914FA4B3D00335899 /* CoreGraphics.framework in Frameworks */ = {isa = PBXBuildFile; fileRef = D05D409814FA4B3D00335899 /* CoreGraphics.framework */; };
		D05D409F14FA4B3D00335899 /* InfoPlist.strings in Resources */ = {isa = PBXBuildFile; fileRef = D05D409D14FA4B3D00335899 /* InfoPlist.strings */; };
		D05D40A114FA4B3D00335899 /* main.m in Sources */ = {isa = PBXBuildFile; fileRef = D05D40A014FA4B3D00335899 /* main.m */; };
		D05D40A514FA4B3D00335899 /* AppDelegate.m in Sources */ = {isa = PBXBuildFile; fileRef = D05D40A414FA4B3D00335899 /* AppDelegate.m */; };
		D05D40A814FA4B3D00335899 /* MainStoryboard.storyboard in Resources */ = {isa = PBXBuildFile; fileRef = D05D40A614FA4B3D00335899 /* MainStoryboard.storyboard */; };
		D05D40AB14FA4B3E00335899 /* MainViewController.m in Sources */ = {isa = PBXBuildFile; fileRef = D05D40AA14FA4B3E00335899 /* MainViewController.m */; };
		D05D40AE14FA4B3E00335899 /* FlipsideViewController.m in Sources */ = {isa = PBXBuildFile; fileRef = D05D40AD14FA4B3E00335899 /* FlipsideViewController.m */; };
		D05D40BD14FC22BD00335899 /* HTTPConnection.m in Sources */ = {isa = PBXBuildFile; fileRef = D05D40BC14FC22BD00335899 /* HTTPConnection.m */; };
		D05D40C014FD059B00335899 /* HTTPAuthentication.m in Sources */ = {isa = PBXBuildFile; fileRef = D05D40BF14FD059B00335899 /* HTTPAuthentication.m */; };
		D05D40C314FD08D200335899 /* Util.m in Sources */ = {isa = PBXBuildFile; fileRef = D05D40C214FD08D200335899 /* Util.m */; };
		D061895A1504F394002030EB /* icon-transparent.png in Resources */ = {isa = PBXBuildFile; fileRef = D06189591504F394002030EB /* icon-transparent.png */; };
		D0E630561670D0D700452408 /* Default-568h@2x.png in Resources */ = {isa = PBXBuildFile; fileRef = D0E630551670D0D700452408 /* Default-568h@2x.png */; };
		D0F4E582150A2A6800DD1B94 /* Default.png in Resources */ = {isa = PBXBuildFile; fileRef = D0F4E581150A2A6800DD1B94 /* Default.png */; };
/* End PBXBuildFile section */

/* Begin PBXFileReference section */
		8D3CD63516B016F400549577 /* MobiltBankIdService.h */ = {isa = PBXFileReference; fileEncoding = 4; lastKnownFileType = sourcecode.c.h; path = MobiltBankIdService.h; sourceTree = "<group>"; };
		8D3CD63616B016F400549577 /* MobiltBankIdService.m */ = {isa = PBXFileReference; fileEncoding = 4; lastKnownFileType = sourcecode.c.objc; path = MobiltBankIdService.m; sourceTree = "<group>"; };
		8D3CD63916B0170900549577 /* HTTPAuthenticate.h */ = {isa = PBXFileReference; fileEncoding = 4; lastKnownFileType = sourcecode.c.h; path = HTTPAuthenticate.h; sourceTree = "<group>"; };
		8D3CD63A16B0170900549577 /* HTTPAuthenticate.m */ = {isa = PBXFileReference; fileEncoding = 4; lastKnownFileType = sourcecode.c.objc; path = HTTPAuthenticate.m; sourceTree = "<group>"; };
		8D3CD63F16B149A700549577 /* HTTPComplete.h */ = {isa = PBXFileReference; fileEncoding = 4; lastKnownFileType = sourcecode.c.h; path = HTTPComplete.h; sourceTree = "<group>"; };
		8D3CD64016B149A700549577 /* HTTPComplete.m */ = {isa = PBXFileReference; fileEncoding = 4; lastKnownFileType = sourcecode.c.objc; path = HTTPComplete.m; sourceTree = "<group>"; };
		D0599164150B691D00EB3F6D /* 57px.png */ = {isa = PBXFileReference; lastKnownFileType = image.png; path = 57px.png; sourceTree = "<group>"; };
		D0599167150B69BD00EB3F6D /* 114px.png */ = {isa = PBXFileReference; lastKnownFileType = image.png; path = 114px.png; sourceTree = "<group>"; };
		D05D409014FA4B3D00335899 /* netcare.app */ = {isa = PBXFileReference; explicitFileType = wrapper.application; includeInIndex = 0; path = netcare.app; sourceTree = BUILT_PRODUCTS_DIR; };
		D05D409414FA4B3D00335899 /* UIKit.framework */ = {isa = PBXFileReference; lastKnownFileType = wrapper.framework; name = UIKit.framework; path = System/Library/Frameworks/UIKit.framework; sourceTree = SDKROOT; };
		D05D409614FA4B3D00335899 /* Foundation.framework */ = {isa = PBXFileReference; lastKnownFileType = wrapper.framework; name = Foundation.framework; path = System/Library/Frameworks/Foundation.framework; sourceTree = SDKROOT; };
		D05D409814FA4B3D00335899 /* CoreGraphics.framework */ = {isa = PBXFileReference; lastKnownFileType = wrapper.framework; name = CoreGraphics.framework; path = System/Library/Frameworks/CoreGraphics.framework; sourceTree = SDKROOT; };
		D05D409C14FA4B3D00335899 /* netcare-Info.plist */ = {isa = PBXFileReference; lastKnownFileType = text.plist.xml; path = "netcare-Info.plist"; sourceTree = "<group>"; };
		D05D409E14FA4B3D00335899 /* en */ = {isa = PBXFileReference; lastKnownFileType = text.plist.strings; name = en; path = en.lproj/InfoPlist.strings; sourceTree = "<group>"; };
		D05D40A014FA4B3D00335899 /* main.m */ = {isa = PBXFileReference; lastKnownFileType = sourcecode.c.objc; path = main.m; sourceTree = "<group>"; };
		D05D40A214FA4B3D00335899 /* netcare-Prefix.pch */ = {isa = PBXFileReference; lastKnownFileType = sourcecode.c.h; path = "netcare-Prefix.pch"; sourceTree = "<group>"; };
		D05D40A314FA4B3D00335899 /* AppDelegate.h */ = {isa = PBXFileReference; lastKnownFileType = sourcecode.c.h; path = AppDelegate.h; sourceTree = "<group>"; };
		D05D40A414FA4B3D00335899 /* AppDelegate.m */ = {isa = PBXFileReference; lastKnownFileType = sourcecode.c.objc; path = AppDelegate.m; sourceTree = "<group>"; };
		D05D40A714FA4B3D00335899 /* en */ = {isa = PBXFileReference; lastKnownFileType = file.storyboard; name = en; path = en.lproj/MainStoryboard.storyboard; sourceTree = "<group>"; };
		D05D40A914FA4B3E00335899 /* MainViewController.h */ = {isa = PBXFileReference; lastKnownFileType = sourcecode.c.h; path = MainViewController.h; sourceTree = "<group>"; };
		D05D40AA14FA4B3E00335899 /* MainViewController.m */ = {isa = PBXFileReference; lastKnownFileType = sourcecode.c.objc; path = MainViewController.m; sourceTree = "<group>"; };
		D05D40AC14FA4B3E00335899 /* FlipsideViewController.h */ = {isa = PBXFileReference; lastKnownFileType = sourcecode.c.h; path = FlipsideViewController.h; sourceTree = "<group>"; };
		D05D40AD14FA4B3E00335899 /* FlipsideViewController.m */ = {isa = PBXFileReference; lastKnownFileType = sourcecode.c.objc; path = FlipsideViewController.m; sourceTree = "<group>"; };
		D05D40BB14FC22BC00335899 /* HTTPConnection.h */ = {isa = PBXFileReference; fileEncoding = 4; lastKnownFileType = sourcecode.c.h; path = HTTPConnection.h; sourceTree = "<group>"; };
		D05D40BC14FC22BD00335899 /* HTTPConnection.m */ = {isa = PBXFileReference; fileEncoding = 4; lastKnownFileType = sourcecode.c.objc; path = HTTPConnection.m; sourceTree = "<group>"; };
		D05D40BE14FD059B00335899 /* HTTPAuthentication.h */ = {isa = PBXFileReference; fileEncoding = 4; lastKnownFileType = sourcecode.c.h; path = HTTPAuthentication.h; sourceTree = "<group>"; };
		D05D40BF14FD059B00335899 /* HTTPAuthentication.m */ = {isa = PBXFileReference; fileEncoding = 4; lastKnownFileType = sourcecode.c.objc; path = HTTPAuthentication.m; sourceTree = "<group>"; };
		D05D40C114FD08D200335899 /* Util.h */ = {isa = PBXFileReference; fileEncoding = 4; lastKnownFileType = sourcecode.c.h; path = Util.h; sourceTree = "<group>"; };
		D05D40C214FD08D200335899 /* Util.m */ = {isa = PBXFileReference; fileEncoding = 4; lastKnownFileType = sourcecode.c.objc; path = Util.m; sourceTree = "<group>"; };
		D06189591504F394002030EB /* icon-transparent.png */ = {isa = PBXFileReference; lastKnownFileType = image.png; path = "icon-transparent.png"; sourceTree = "<group>"; };
		D08E69A81509525D00209FE0 /* Default@2x.png */ = {isa = PBXFileReference; lastKnownFileType = image.png; path = "Default@2x.png"; sourceTree = "<group>"; };
		D0E630551670D0D700452408 /* Default-568h@2x.png */ = {isa = PBXFileReference; lastKnownFileType = image.png; path = "Default-568h@2x.png"; sourceTree = "<group>"; };
		D0F4E581150A2A6800DD1B94 /* Default.png */ = {isa = PBXFileReference; lastKnownFileType = image.png; path = Default.png; sourceTree = "<group>"; };
/* End PBXFileReference section */

/* Begin PBXFrameworksBuildPhase section */
		D05D408D14FA4B3D00335899 /* Frameworks */ = {
			isa = PBXFrameworksBuildPhase;
			buildActionMask = 2147483647;
			files = (
				D05D409514FA4B3D00335899 /* UIKit.framework in Frameworks */,
				D05D409714FA4B3D00335899 /* Foundation.framework in Frameworks */,
				D05D409914FA4B3D00335899 /* CoreGraphics.framework in Frameworks */,
			);
			runOnlyForDeploymentPostprocessing = 0;
		};
/* End PBXFrameworksBuildPhase section */

/* Begin PBXGroup section */
		D05D408514FA4B3D00335899 = {
			isa = PBXGroup;
			children = (
				D0E630551670D0D700452408 /* Default-568h@2x.png */,
				D0599167150B69BD00EB3F6D /* 114px.png */,
				D0599164150B691D00EB3F6D /* 57px.png */,
				D0F4E581150A2A6800DD1B94 /* Default.png */,
				D08E69A81509525D00209FE0 /* Default@2x.png */,
				D05D409A14FA4B3D00335899 /* netcare */,
				D05D409314FA4B3D00335899 /* Frameworks */,
				D05D409114FA4B3D00335899 /* Products */,
			);
			sourceTree = "<group>";
		};
		D05D409114FA4B3D00335899 /* Products */ = {
			isa = PBXGroup;
			children = (
				D05D409014FA4B3D00335899 /* netcare.app */,
			);
			name = Products;
			sourceTree = "<group>";
		};
		D05D409314FA4B3D00335899 /* Frameworks */ = {
			isa = PBXGroup;
			children = (
				D05D409414FA4B3D00335899 /* UIKit.framework */,
				D05D409614FA4B3D00335899 /* Foundation.framework */,
				D05D409814FA4B3D00335899 /* CoreGraphics.framework */,
			);
			name = Frameworks;
			sourceTree = "<group>";
		};
		D05D409A14FA4B3D00335899 /* netcare */ = {
			isa = PBXGroup;
			children = (
				D05D40A314FA4B3D00335899 /* AppDelegate.h */,
				D05D40A414FA4B3D00335899 /* AppDelegate.m */,
				D05D40A614FA4B3D00335899 /* MainStoryboard.storyboard */,
				D05D40A914FA4B3E00335899 /* MainViewController.h */,
				D05D40AA14FA4B3E00335899 /* MainViewController.m */,
				D05D40AC14FA4B3E00335899 /* FlipsideViewController.h */,
				D05D40AD14FA4B3E00335899 /* FlipsideViewController.m */,
				D05D409B14FA4B3D00335899 /* Supporting Files */,
				8D3CD63516B016F400549577 /* MobiltBankIdService.h */,
				8D3CD63616B016F400549577 /* MobiltBankIdService.m */,
				8D3CD63916B0170900549577 /* HTTPAuthenticate.h */,
				8D3CD63A16B0170900549577 /* HTTPAuthenticate.m */,
				8D3CD63F16B149A700549577 /* HTTPComplete.h */,
				8D3CD64016B149A700549577 /* HTTPComplete.m */,
				D05D40BB14FC22BC00335899 /* HTTPConnection.h */,
				D05D40BC14FC22BD00335899 /* HTTPConnection.m */,
				D05D40BE14FD059B00335899 /* HTTPAuthentication.h */,
				D05D40BF14FD059B00335899 /* HTTPAuthentication.m */,
				D05D40C114FD08D200335899 /* Util.h */,
				D05D40C214FD08D200335899 /* Util.m */,
			);
			path = netcare;
			sourceTree = "<group>";
		};
		D05D409B14FA4B3D00335899 /* Supporting Files */ = {
			isa = PBXGroup;
			children = (
				D06189591504F394002030EB /* icon-transparent.png */,
				D05D409C14FA4B3D00335899 /* netcare-Info.plist */,
				D05D409D14FA4B3D00335899 /* InfoPlist.strings */,
				D05D40A014FA4B3D00335899 /* main.m */,
				D05D40A214FA4B3D00335899 /* netcare-Prefix.pch */,
			);
			name = "Supporting Files";
			sourceTree = "<group>";
		};
/* End PBXGroup section */

/* Begin PBXNativeTarget section */
		D05D408F14FA4B3D00335899 /* netcare */ = {
			isa = PBXNativeTarget;
			buildConfigurationList = D05D40B114FA4B3E00335899 /* Build configuration list for PBXNativeTarget "netcare" */;
			buildPhases = (
				D05D408C14FA4B3D00335899 /* Sources */,
				D05D408D14FA4B3D00335899 /* Frameworks */,
				D05D408E14FA4B3D00335899 /* Resources */,
			);
			buildRules = (
			);
			dependencies = (
			);
			name = netcare;
			productName = netcare;
			productReference = D05D409014FA4B3D00335899 /* netcare.app */;
			productType = "com.apple.product-type.application";
		};
/* End PBXNativeTarget section */

/* Begin PBXProject section */
		D05D408714FA4B3D00335899 /* Project object */ = {
			isa = PBXProject;
			attributes = {
				LastUpgradeCheck = 0460;
			};
			buildConfigurationList = D05D408A14FA4B3D00335899 /* Build configuration list for PBXProject "netcare" */;
			compatibilityVersion = "Xcode 3.2";
			developmentRegion = English;
			hasScannedForEncodings = 0;
			knownRegions = (
				en,
			);
			mainGroup = D05D408514FA4B3D00335899;
			productRefGroup = D05D409114FA4B3D00335899 /* Products */;
			projectDirPath = "";
			projectRoot = "";
			targets = (
				D05D408F14FA4B3D00335899 /* netcare */,
			);
		};
/* End PBXProject section */

/* Begin PBXResourcesBuildPhase section */
		D05D408E14FA4B3D00335899 /* Resources */ = {
			isa = PBXResourcesBuildPhase;
			buildActionMask = 2147483647;
			files = (
				D05D409F14FA4B3D00335899 /* InfoPlist.strings in Resources */,
				D05D40A814FA4B3D00335899 /* MainStoryboard.storyboard in Resources */,
				D061895A1504F394002030EB /* icon-transparent.png in Resources */,
				D0F4E582150A2A6800DD1B94 /* Default.png in Resources */,
				D0599165150B691D00EB3F6D /* 57px.png in Resources */,
				D0599168150B69BD00EB3F6D /* 114px.png in Resources */,
				D0E630561670D0D700452408 /* Default-568h@2x.png in Resources */,
				8D01D59D16B2B7A50090D4ED /* Default@2x.png in Resources */,
			);
			runOnlyForDeploymentPostprocessing = 0;
		};
/* End PBXResourcesBuildPhase section */

/* Begin PBXSourcesBuildPhase section */
		D05D408C14FA4B3D00335899 /* Sources */ = {
			isa = PBXSourcesBuildPhase;
			buildActionMask = 2147483647;
			files = (
				D05D40A114FA4B3D00335899 /* main.m in Sources */,
				D05D40A514FA4B3D00335899 /* AppDelegate.m in Sources */,
				D05D40AB14FA4B3E00335899 /* MainViewController.m in Sources */,
				D05D40AE14FA4B3E00335899 /* FlipsideViewController.m in Sources */,
				D05D40BD14FC22BD00335899 /* HTTPConnection.m in Sources */,
				D05D40C014FD059B00335899 /* HTTPAuthentication.m in Sources */,
				D05D40C314FD08D200335899 /* Util.m in Sources */,
				8D3CD63716B016F400549577 /* MobiltBankIdService.m in Sources */,
				8D3CD63B16B0170900549577 /* HTTPAuthenticate.m in Sources */,
				8D3CD64116B149A700549577 /* HTTPComplete.m in Sources */,
			);
			runOnlyForDeploymentPostprocessing = 0;
		};
/* End PBXSourcesBuildPhase section */

/* Begin PBXVariantGroup section */
		D05D409D14FA4B3D00335899 /* InfoPlist.strings */ = {
			isa = PBXVariantGroup;
			children = (
				D05D409E14FA4B3D00335899 /* en */,
			);
			name = InfoPlist.strings;
			sourceTree = "<group>";
		};
		D05D40A614FA4B3D00335899 /* MainStoryboard.storyboard */ = {
			isa = PBXVariantGroup;
			children = (
				D05D40A714FA4B3D00335899 /* en */,
			);
			name = MainStoryboard.storyboard;
			sourceTree = "<group>";
		};
/* End PBXVariantGroup section */

/* Begin XCBuildConfiguration section */
		D05D40AF14FA4B3E00335899 /* Debug */ = {
			isa = XCBuildConfiguration;
			buildSettings = {
				ALWAYS_SEARCH_USER_PATHS = NO;
				ARCHS = "$(ARCHS_STANDARD_32_BIT)";
				CLANG_ENABLE_OBJC_ARC = YES;
				CLANG_WARN_CONSTANT_CONVERSION = YES;
				CLANG_WARN_ENUM_CONVERSION = YES;
				CLANG_WARN_INT_CONVERSION = YES;
				CLANG_WARN__DUPLICATE_METHOD_MATCH = YES;
				"CODE_SIGN_IDENTITY[sdk=iphoneos*]" = "iPhone Developer";
				COPY_PHASE_STRIP = NO;
				GCC_C_LANGUAGE_STANDARD = gnu99;
				GCC_DYNAMIC_NO_PIC = NO;
				GCC_OPTIMIZATION_LEVEL = 0;
				GCC_PREPROCESSOR_DEFINITIONS = (
					"DEBUG=1",
					"$(inherited)",
				);
				GCC_SYMBOLS_PRIVATE_EXTERN = NO;
				GCC_VERSION = com.apple.compilers.llvm.clang.1_0;
				GCC_WARN_ABOUT_MISSING_PROTOTYPES = YES;
				GCC_WARN_ABOUT_RETURN_TYPE = YES;
				GCC_WARN_UNINITIALIZED_AUTOS = YES;
				GCC_WARN_UNUSED_VARIABLE = YES;
				IPHONEOS_DEPLOYMENT_TARGET = 5.0;
				SDKROOT = iphoneos;
			};
			name = Debug;
		};
		D05D40B014FA4B3E00335899 /* Release */ = {
			isa = XCBuildConfiguration;
			buildSettings = {
				ALWAYS_SEARCH_USER_PATHS = NO;
				ARCHS = "$(ARCHS_STANDARD_32_BIT)";
				CLANG_ENABLE_OBJC_ARC = YES;
				CLANG_WARN_CONSTANT_CONVERSION = YES;
				CLANG_WARN_ENUM_CONVERSION = YES;
				CLANG_WARN_INT_CONVERSION = YES;
				CLANG_WARN__DUPLICATE_METHOD_MATCH = YES;
				CODE_SIGN_IDENTITY = "iPhone Distribution: Peter Larsson";
				"CODE_SIGN_IDENTITY[sdk=iphoneos*]" = "iPhone Distribution";
				COPY_PHASE_STRIP = YES;
				GCC_C_LANGUAGE_STANDARD = gnu99;
				GCC_VERSION = com.apple.compilers.llvm.clang.1_0;
				GCC_WARN_ABOUT_MISSING_PROTOTYPES = YES;
				GCC_WARN_ABOUT_RETURN_TYPE = YES;
				GCC_WARN_UNINITIALIZED_AUTOS = YES;
				GCC_WARN_UNUSED_VARIABLE = YES;
				IPHONEOS_DEPLOYMENT_TARGET = 5.0;
				OTHER_CFLAGS = "-DNS_BLOCK_ASSERTIONS=1";
				"PROVISIONING_PROFILE[sdk=iphoneos*]" = "";
				SDKROOT = iphoneos;
				VALIDATE_PRODUCT = YES;
			};
			name = Release;
		};
		D05D40B214FA4B3E00335899 /* Debug */ = {
			isa = XCBuildConfiguration;
			buildSettings = {
				GCC_PRECOMPILE_PREFIX_HEADER = YES;
				GCC_PREFIX_HEADER = "netcare/netcare-Prefix.pch";
				INFOPLIST_FILE = "netcare/netcare-Info.plist";
				IPHONEOS_DEPLOYMENT_TARGET = 6.0;
				ONLY_ACTIVE_ARCH = NO;
				PRODUCT_NAME = "$(TARGET_NAME)";
				SKIP_INSTALL = NO;
				TARGETED_DEVICE_FAMILY = 1;
				WRAPPER_EXTENSION = app;
			};
			name = Debug;
		};
		D05D40B314FA4B3E00335899 /* Release */ = {
			isa = XCBuildConfiguration;
			buildSettings = {
				CODE_SIGN_IDENTITY = "iPhone Distribution: Peter Larsson";
				"CODE_SIGN_IDENTITY[sdk=iphoneos*]" = "iPhone Distribution: Peter Larsson";
				GCC_PRECOMPILE_PREFIX_HEADER = YES;
				GCC_PREFIX_HEADER = "netcare/netcare-Prefix.pch";
				INFOPLIST_FILE = "netcare/netcare-Info.plist";
				IPHONEOS_DEPLOYMENT_TARGET = 6.0;
				ONLY_ACTIVE_ARCH = NO;
				PRODUCT_NAME = "$(TARGET_NAME)";
				"PROVISIONING_PROFILE[sdk=iphoneos*]" = "";
				SKIP_INSTALL = NO;
				TARGETED_DEVICE_FAMILY = 1;
				WRAPPER_EXTENSION = app;
			};
			name = Release;
		};
		D08E69A515094E7200209FE0 /* Distribution */ = {
			isa = XCBuildConfiguration;
			buildSettings = {
				ALWAYS_SEARCH_USER_PATHS = NO;
				ARCHS = "$(ARCHS_STANDARD_32_BIT)";
				CLANG_ENABLE_OBJC_ARC = YES;
				CLANG_WARN_CONSTANT_CONVERSION = YES;
				CLANG_WARN_ENUM_CONVERSION = YES;
				CLANG_WARN_INT_CONVERSION = YES;
				CLANG_WARN__DUPLICATE_METHOD_MATCH = YES;
				CODE_SIGN_IDENTITY = "iPhone Distribution";
				"CODE_SIGN_IDENTITY[sdk=iphoneos*]" = "iPhone Distribution: Peter Larsson";
				COPY_PHASE_STRIP = YES;
				GCC_C_LANGUAGE_STANDARD = gnu99;
				GCC_VERSION = com.apple.compilers.llvm.clang.1_0;
				GCC_WARN_ABOUT_MISSING_PROTOTYPES = YES;
				GCC_WARN_ABOUT_RETURN_TYPE = YES;
				GCC_WARN_UNINITIALIZED_AUTOS = YES;
				GCC_WARN_UNUSED_VARIABLE = YES;
				IPHONEOS_DEPLOYMENT_TARGET = 5.0;
				OTHER_CFLAGS = "-DNS_BLOCK_ASSERTIONS=1";
				"PROVISIONING_PROFILE[sdk=iphoneos*]" = "18AA4D71-ACCC-424D-B332-98252418B830";
				SDKROOT = iphoneos;
				VALIDATE_PRODUCT = YES;
			};
			name = Distribution;
		};
		D08E69A615094E7200209FE0 /* Distribution */ = {
			isa = XCBuildConfiguration;
			buildSettings = {
				CODE_SIGN_IDENTITY = "iPhone Distribution: Peter Larsson";
				"CODE_SIGN_IDENTITY[sdk=iphoneos*]" = "iPhone Distribution: Peter Larsson";
				GCC_PRECOMPILE_PREFIX_HEADER = YES;
				GCC_PREFIX_HEADER = "netcare/netcare-Prefix.pch";
				INFOPLIST_FILE = "netcare/netcare-Info.plist";
				IPHONEOS_DEPLOYMENT_TARGET = 6.0;
				ONLY_ACTIVE_ARCH = NO;
				PRODUCT_NAME = "$(TARGET_NAME)";
				"PROVISIONING_PROFILE[sdk=iphoneos*]" = "";
				SKIP_INSTALL = NO;
				TARGETED_DEVICE_FAMILY = 1;
				WRAPPER_EXTENSION = app;
			};
			name = Distribution;
		};
/* End XCBuildConfiguration section */

/* Begin XCConfigurationList section */
		D05D408A14FA4B3D00335899 /* Build configuration list for PBXProject "netcare" */ = {
			isa = XCConfigurationList;
			buildConfigurations = (
				D05D40AF14FA4B3E00335899 /* Debug */,
				D05D40B014FA4B3E00335899 /* Release */,
				D08E69A515094E7200209FE0 /* Distribution */,
			);
			defaultConfigurationIsVisible = 0;
			defaultConfigurationName = Release;
		};
		D05D40B114FA4B3E00335899 /* Build configuration list for PBXNativeTarget "netcare" */ = {
			isa = XCConfigurationList;
			buildConfigurations = (
				D05D40B214FA4B3E00335899 /* Debug */,
				D05D40B314FA4B3E00335899 /* Release */,
				D08E69A615094E7200209FE0 /* Distribution */,
			);
			defaultConfigurationIsVisible = 0;
			defaultConfigurationName = Release;
		};
/* End XCConfigurationList section */
	};
	rootObject = D05D408714FA4B3D00335899 /* Project object */;
}
